
Microsoft Visual Studio Solution File, Format Version 12.00
Project("{2150E333-8FDC-42A3-9474-1A3956D46DE8}") = "lib", "lib", "{8B016D41-92A4-4ABC-9D36-D9A13D3B0E7D}"
EndProject
Project("{2150E333-8FDC-42A3-9474-1A3956D46DE8}") = "samples", "samples", "{FF816255-012E-4E4D-9C2B-E8AE0CE481A3}"
EndProject
Project("{FAE04EC0-301F-11D3-BF4B-00C04F79EFBC}") = "GherXunit", "lib\GherXunit\GherXunit.csproj", "{121FDFEF-6F96-48F9-8DB3-ED4775C5E9F6}"
EndProject
Project("{FAE04EC0-301F-11D3-BF4B-00C04F79EFBC}") = "BddSample", "sample\BddSample\BddSample.csproj", "{4A38E3EA-C8A3-4F02-B7D5-BC63C302865B}"
EndProject
Global
	GlobalSection(SolutionConfigurationPlatforms) = preSolution
		Debug|Any CPU = Debug|Any CPU
		Release|Any CPU = Release|Any CPU
	EndGlobalSection
	GlobalSection(NestedProjects) = preSolution
		{121FDFEF-6F96-48F9-8DB3-ED4775C5E9F6} = {8B016D41-92A4-4ABC-9D36-D9A13D3B0E7D}
		{4A38E3EA-C8A3-4F02-B7D5-BC63C302865B} = {FF816255-012E-4E4D-9C2B-E8AE0CE481A3}
	EndGlobalSection
	GlobalSection(ProjectConfigurationPlatforms) = postSolution
		{121FDFEF-6F96-48F9-8DB3-ED4775C5E9F6}.Debug|Any CPU.ActiveCfg = Debug|Any CPU
		{121FDFEF-6F96-48F9-8DB3-ED4775C5E9F6}.Debug|Any CPU.Build.0 = Debug|Any CPU
		{121FDFEF-6F96-48F9-8DB3-ED4775C5E9F6}.Release|Any CPU.ActiveCfg = Release|Any CPU
		{121FDFEF-6F96-48F9-8DB3-ED4775C5E9F6}.Release|Any CPU.Build.0 = Release|Any CPU
		{4A38E3EA-C8A3-4F02-B7D5-BC63C302865B}.Debug|Any CPU.ActiveCfg = Debug|Any CPU
		{4A38E3EA-C8A3-4F02-B7D5-BC63C302865B}.Debug|Any CPU.Build.0 = Debug|Any CPU
		{4A38E3EA-C8A3-4F02-B7D5-BC63C302865B}.Release|Any CPU.ActiveCfg = Release|Any CPU
		{4A38E3EA-C8A3-4F02-B7D5-BC63C302865B}.Release|Any CPU.Build.0 = Release|Any CPU
	EndGlobalSection
EndGlobal
