
Microsoft Visual Studio Solution File, Format Version 12.00
Project("{2150E333-8FDC-42A3-9474-1A3956D46DE8}") = "lib", "lib", "{8B016D41-92A4-4ABC-9D36-D9A13D3B0E7D}"
EndProject
Project("{FAE04EC0-301F-11D3-BF4B-00C04F79EFBC}") = "GherXunit", "lib\GherXunit\GherXunit.csproj", "{121FDFEF-6F96-48F9-8DB3-ED4775C5E9F6}"
EndProject
Project("{2150E333-8FDC-42A3-9474-1A3956D46DE8}") = "base", "base", "{B014B043-DFB5-4827-8775-D4E5326130F0}"
EndProject
Project("{FAE04EC0-301F-11D3-BF4B-00C04F79EFBC}") = "GherXunit.Core", "base\GherXunit.Core\GherXunit.Core.csproj", "{5477E886-B647-4A5D-A522-2978AF9F748D}"
EndProject
Global
	GlobalSection(SolutionConfigurationPlatforms) = preSolution
		Debug|Any CPU = Debug|Any CPU
		Release|Any CPU = Release|Any CPU
	EndGlobalSection
	GlobalSection(NestedProjects) = preSolution
		{121FDFEF-6F96-48F9-8DB3-ED4775C5E9F6} = {8B016D41-92A4-4ABC-9D36-D9A13D3B0E7D}
		{5477E886-B647-4A5D-A522-2978AF9F748D} = {B014B043-DFB5-4827-8775-D4E5326130F0}
	EndGlobalSection
	GlobalSection(ProjectConfigurationPlatforms) = postSolution
		{121FDFEF-6F96-48F9-8DB3-ED4775C5E9F6}.Debug|Any CPU.ActiveCfg = Debug|Any CPU
		{121FDFEF-6F96-48F9-8DB3-ED4775C5E9F6}.Debug|Any CPU.Build.0 = Debug|Any CPU
		{121FDFEF-6F96-48F9-8DB3-ED4775C5E9F6}.Release|Any CPU.ActiveCfg = Release|Any CPU
		{121FDFEF-6F96-48F9-8DB3-ED4775C5E9F6}.Release|Any CPU.Build.0 = Release|Any CPU
		{5477E886-B647-4A5D-A522-2978AF9F748D}.Debug|Any CPU.ActiveCfg = Debug|Any CPU
		{5477E886-B647-4A5D-A522-2978AF9F748D}.Debug|Any CPU.Build.0 = Debug|Any CPU
		{5477E886-B647-4A5D-A522-2978AF9F748D}.Release|Any CPU.ActiveCfg = Release|Any CPU
		{5477E886-B647-4A5D-A522-2978AF9F748D}.Release|Any CPU.Build.0 = Release|Any CPU
	EndGlobalSection
EndGlobal
